github.com/chainreactors/files v0.0.0-20230731174853-acee21c8c45a h1:NdYhUYzzqyfp15Qj1ONAPV+fcymCQ/XJ509Ia2iyzvk=
github.com/chainreactors/files v0.0.0-20230731174853-acee21c8c45a/go.mod h1:/Xa9YXhjBlaC33JTD6ZTJFig6pcplak2IDcovf42/6A=
github.com/chainreactors/logs v0.0.0-20231027080134-7a11bb413460 h1:QYmvaEZHa0e3aQ9Aui9gkm3klPO+yHo5SoPTkoltr78=
github.com/chainreactors/logs v0.0.0-20231027080134-7a11bb413460/go.mod h1:VZFqkFDGmp7/JOMeraW+YI7kTGcgz9fgc/HArVFnrGQ=
